// !$*UTF8*$!
{
	archiveVersion = 1;
	classes = {
	};
	objectVersion = 56;
	objects = {

/* Begin PBXBuildFile section */
		7722ECA32B82705B00F00C7F /* GraphsVC.swift in Sources */ = {isa = PBXBuildFile; fileRef = 7722ECA22B82705B00F00C7F /* GraphsVC.swift */; };
		775B89382B66FF90009606AA /* AppDelegate.swift in Sources */ = {isa = PBXBuildFile; fileRef = 775B89372B66FF90009606AA /* AppDelegate.swift */; };
		775B893A2B66FF90009606AA /* SceneDelegate.swift in Sources */ = {isa = PBXBuildFile; fileRef = 775B89392B66FF90009606AA /* SceneDelegate.swift */; };
		775B89412B66FF94009606AA /* Assets.xcassets in Resources */ = {isa = PBXBuildFile; fileRef = 775B89402B66FF94009606AA /* Assets.xcassets */; };
		775B89442B66FF94009606AA /* LaunchScreen.storyboard in Resources */ = {isa = PBXBuildFile; fileRef = 775B89422B66FF94009606AA /* LaunchScreen.storyboard */; };
		775B894E2B670175009606AA /* MainVC.swift in Sources */ = {isa = PBXBuildFile; fileRef = 775B894D2B670175009606AA /* MainVC.swift */; };
		77ABAFC02B670B3D00E90654 /* MoneyAnimation.json in Resources */ = {isa = PBXBuildFile; fileRef = 77ABAFBF2B670B3D00E90654 /* MoneyAnimation.json */; };
		77ABAFC22B6714D300E90654 /* AnimationVC.swift in Sources */ = {isa = PBXBuildFile; fileRef = 77ABAFC12B6714D300E90654 /* AnimationVC.swift */; };
		77ABAFC52B67150800E90654 /* VCChanger.swift in Sources */ = {isa = PBXBuildFile; fileRef = 77ABAFC42B67150800E90654 /* VCChanger.swift */; };
		77DDB3A32B8226CF00B918E0 /* NavigationBarController.swift in Sources */ = {isa = PBXBuildFile; fileRef = 77DDB3A22B8226CF00B918E0 /* NavigationBarController.swift */; };
		77DDB3A52B82272000B918E0 /* D.swift in Sources */ = {isa = PBXBuildFile; fileRef = 77DDB3A42B82272000B918E0 /* D.swift */; };
		77DDB3A72B8228D400B918E0 /* NavigationTabBarContorller.swift in Sources */ = {isa = PBXBuildFile; fileRef = 77DDB3A62B8228D400B918E0 /* NavigationTabBarContorller.swift */; };
		77DDB3AA2B82295900B918E0 /* Haptic.swift in Sources */ = {isa = PBXBuildFile; fileRef = 77DDB3A92B82295900B918E0 /* Haptic.swift */; };
		77DDB3AC2B82299200B918E0 /* NavigationTabs.swift in Sources */ = {isa = PBXBuildFile; fileRef = 77DDB3AB2B82299200B918E0 /* NavigationTabs.swift */; };
		77DDB3B92B8244E600B918E0 /* NexaRegular.ttf in Resources */ = {isa = PBXBuildFile; fileRef = 77DDB3B02B8244E200B918E0 /* NexaRegular.ttf */; };
		77DDB3BA2B8244E600B918E0 /* Nexa-Bold.ttf in Resources */ = {isa = PBXBuildFile; fileRef = 77DDB3B12B8244E300B918E0 /* Nexa-Bold.ttf */; };
		77DDB3BB2B8244E600B918E0 /* NexaBlack.ttf in Resources */ = {isa = PBXBuildFile; fileRef = 77DDB3B22B8244E300B918E0 /* NexaBlack.ttf */; };
		77DDB3BC2B8244E600B918E0 /* Nexa-Light.ttf in Resources */ = {isa = PBXBuildFile; fileRef = 77DDB3B32B8244E400B918E0 /* Nexa-Light.ttf */; };
		77DDB3BD2B8244E600B918E0 /* Nexa-Regular-Italic.ttf in Resources */ = {isa = PBXBuildFile; fileRef = 77DDB3B42B8244E400B918E0 /* Nexa-Regular-Italic.ttf */; };
		77DDB3BE2B8244E600B918E0 /* NexaHeavy.ttf in Resources */ = {isa = PBXBuildFile; fileRef = 77DDB3B52B8244E500B918E0 /* NexaHeavy.ttf */; };
		77DDB3BF2B8244E600B918E0 /* Nexa-Light-Italic.ttf in Resources */ = {isa = PBXBuildFile; fileRef = 77DDB3B62B8244E500B918E0 /* Nexa-Light-Italic.ttf */; };
		77DDB3C02B8244E600B918E0 /* Nexa-Heavy-Italic.ttf in Resources */ = {isa = PBXBuildFile; fileRef = 77DDB3B72B8244E600B918E0 /* Nexa-Heavy-Italic.ttf */; };
		77DDB3C12B8244E600B918E0 /* NexaThin.ttf in Resources */ = {isa = PBXBuildFile; fileRef = 77DDB3B82B8244E600B918E0 /* NexaThin.ttf */; };
		77DDB3C42B82569F00B918E0 /* LabelsStackView.swift in Sources */ = {isa = PBXBuildFile; fileRef = 77DDB3C32B82569F00B918E0 /* LabelsStackView.swift */; };
		77DDB3C82B825A0900B918E0 /* ProfitLabel.swift in Sources */ = {isa = PBXBuildFile; fileRef = 77DDB3C72B825A0900B918E0 /* ProfitLabel.swift */; };
		77DDB3CA2B825B3D00B918E0 /* BaseCountLabel.swift in Sources */ = {isa = PBXBuildFile; fileRef = 77DDB3C92B825B3D00B918E0 /* BaseCountLabel.swift */; };
		A8F9F49E41F49623AED62951 /* Pods_Banka.framework in Frameworks */ = {isa = PBXBuildFile; fileRef = FD677A784BEB7D6672C535CF /* Pods_Banka.framework */; };
/* End PBXBuildFile section */

/* Begin PBXFileReference section */
		30F41E8517E3CAFF5436D4AD /* Pods-Banka.release.xcconfig */ = {isa = PBXFileReference; includeInIndex = 1; lastKnownFileType = text.xcconfig; name = "Pods-Banka.release.xcconfig"; path = "Target Support Files/Pods-Banka/Pods-Banka.release.xcconfig"; sourceTree = "<group>"; };
		47500A0FE2AE840EB7A760A1 /* Pods-Banka.debug.xcconfig */ = {isa = PBXFileReference; includeInIndex = 1; lastKnownFileType = text.xcconfig; name = "Pods-Banka.debug.xcconfig"; path = "Target Support Files/Pods-Banka/Pods-Banka.debug.xcconfig"; sourceTree = "<group>"; };
		7722ECA22B82705B00F00C7F /* GraphsVC.swift */ = {isa = PBXFileReference; lastKnownFileType = sourcecode.swift; path = GraphsVC.swift; sourceTree = "<group>"; };
		775B89342B66FF90009606AA /* Banka.app */ = {isa = PBXFileReference; explicitFileType = wrapper.application; includeInIndex = 0; path = Banka.app; sourceTree = BUILT_PRODUCTS_DIR; };
		775B89372B66FF90009606AA /* AppDelegate.swift */ = {isa = PBXFileReference; lastKnownFileType = sourcecode.swift; path = AppDelegate.swift; sourceTree = "<group>"; };
		775B89392B66FF90009606AA /* SceneDelegate.swift */ = {isa = PBXFileReference; lastKnownFileType = sourcecode.swift; path = SceneDelegate.swift; sourceTree = "<group>"; };
		775B89402B66FF94009606AA /* Assets.xcassets */ = {isa = PBXFileReference; lastKnownFileType = folder.assetcatalog; path = Assets.xcassets; sourceTree = "<group>"; };
		775B89432B66FF94009606AA /* Base */ = {isa = PBXFileReference; lastKnownFileType = file.storyboard; name = Base; path = Base.lproj/LaunchScreen.storyboard; sourceTree = "<group>"; };
		775B89452B66FF94009606AA /* Info.plist */ = {isa = PBXFileReference; lastKnownFileType = text.plist.xml; path = Info.plist; sourceTree = "<group>"; };
		775B894D2B670175009606AA /* MainVC.swift */ = {isa = PBXFileReference; lastKnownFileType = sourcecode.swift; path = MainVC.swift; sourceTree = "<group>"; };
		77ABAFBF2B670B3D00E90654 /* MoneyAnimation.json */ = {isa = PBXFileReference; fileEncoding = 4; lastKnownFileType = text.json; path = MoneyAnimation.json; sourceTree = "<group>"; };
		77ABAFC12B6714D300E90654 /* AnimationVC.swift */ = {isa = PBXFileReference; lastKnownFileType = sourcecode.swift; path = AnimationVC.swift; sourceTree = "<group>"; };
		77ABAFC42B67150800E90654 /* VCChanger.swift */ = {isa = PBXFileReference; lastKnownFileType = sourcecode.swift; path = VCChanger.swift; sourceTree = "<group>"; };
		77DDB3A22B8226CF00B918E0 /* NavigationBarController.swift */ = {isa = PBXFileReference; lastKnownFileType = sourcecode.swift; path = NavigationBarController.swift; sourceTree = "<group>"; };
		77DDB3A42B82272000B918E0 /* D.swift */ = {isa = PBXFileReference; lastKnownFileType = sourcecode.swift; path = D.swift; sourceTree = "<group>"; };
		77DDB3A62B8228D400B918E0 /* NavigationTabBarContorller.swift */ = {isa = PBXFileReference; lastKnownFileType = sourcecode.swift; path = NavigationTabBarContorller.swift; sourceTree = "<group>"; };
		77DDB3A92B82295900B918E0 /* Haptic.swift */ = {isa = PBXFileReference; lastKnownFileType = sourcecode.swift; path = Haptic.swift; sourceTree = "<group>"; };
		77DDB3AB2B82299200B918E0 /* NavigationTabs.swift */ = {isa = PBXFileReference; lastKnownFileType = sourcecode.swift; path = NavigationTabs.swift; sourceTree = "<group>"; };
		77DDB3B02B8244E200B918E0 /* NexaRegular.ttf */ = {isa = PBXFileReference; lastKnownFileType = file; path = NexaRegular.ttf; sourceTree = "<group>"; };
		77DDB3B12B8244E300B918E0 /* Nexa-Bold.ttf */ = {isa = PBXFileReference; lastKnownFileType = file; path = "Nexa-Bold.ttf"; sourceTree = "<group>"; };
		77DDB3B22B8244E300B918E0 /* NexaBlack.ttf */ = {isa = PBXFileReference; lastKnownFileType = file; path = NexaBlack.ttf; sourceTree = "<group>"; };
		77DDB3B32B8244E400B918E0 /* Nexa-Light.ttf */ = {isa = PBXFileReference; lastKnownFileType = file; path = "Nexa-Light.ttf"; sourceTree = "<group>"; };
		77DDB3B42B8244E400B918E0 /* Nexa-Regular-Italic.ttf */ = {isa = PBXFileReference; lastKnownFileType = file; path = "Nexa-Regular-Italic.ttf"; sourceTree = "<group>"; };
		77DDB3B52B8244E500B918E0 /* NexaHeavy.ttf */ = {isa = PBXFileReference; lastKnownFileType = file; path = NexaHeavy.ttf; sourceTree = "<group>"; };
		77DDB3B62B8244E500B918E0 /* Nexa-Light-Italic.ttf */ = {isa = PBXFileReference; lastKnownFileType = file; path = "Nexa-Light-Italic.ttf"; sourceTree = "<group>"; };
		77DDB3B72B8244E600B918E0 /* Nexa-Heavy-Italic.ttf */ = {isa = PBXFileReference; lastKnownFileType = file; path = "Nexa-Heavy-Italic.ttf"; sourceTree = "<group>"; };
		77DDB3B82B8244E600B918E0 /* NexaThin.ttf */ = {isa = PBXFileReference; lastKnownFileType = file; path = NexaThin.ttf; sourceTree = "<group>"; };
		77DDB3C32B82569F00B918E0 /* LabelsStackView.swift */ = {isa = PBXFileReference; lastKnownFileType = sourcecode.swift; path = LabelsStackView.swift; sourceTree = "<group>"; };
		77DDB3C72B825A0900B918E0 /* ProfitLabel.swift */ = {isa = PBXFileReference; lastKnownFileType = sourcecode.swift; path = ProfitLabel.swift; sourceTree = "<group>"; };
		77DDB3C92B825B3D00B918E0 /* BaseCountLabel.swift */ = {isa = PBXFileReference; lastKnownFileType = sourcecode.swift; path = BaseCountLabel.swift; sourceTree = "<group>"; };
		FD677A784BEB7D6672C535CF /* Pods_Banka.framework */ = {isa = PBXFileReference; explicitFileType = wrapper.framework; includeInIndex = 0; path = Pods_Banka.framework; sourceTree = BUILT_PRODUCTS_DIR; };
/* End PBXFileReference section */

/* Begin PBXFrameworksBuildPhase section */
		775B89312B66FF90009606AA /* Frameworks */ = {
			isa = PBXFrameworksBuildPhase;
			buildActionMask = 2147483647;
			files = (
				A8F9F49E41F49623AED62951 /* Pods_Banka.framework in Frameworks */,
			);
			runOnlyForDeploymentPostprocessing = 0;
		};
/* End PBXFrameworksBuildPhase section */

/* Begin PBXGroup section */
		775B892B2B66FF90009606AA = {
			isa = PBXGroup;
			children = (
				775B89362B66FF90009606AA /* Banka */,
				775B89352B66FF90009606AA /* Products */,
				E33F50DC9D86CC92BE4DC547 /* Pods */,
				FFE4B8CDCA2B85DDDF3D30CF /* Frameworks */,
			);
			sourceTree = "<group>";
		};
		775B89352B66FF90009606AA /* Products */ = {
			isa = PBXGroup;
			children = (
				775B89342B66FF90009606AA /* Banka.app */,
			);
			name = Products;
			sourceTree = "<group>";
		};
		775B89362B66FF90009606AA /* Banka */ = {
			isa = PBXGroup;
			children = (
				775B894C2B6700C7009606AA /* Support */,
				77DDB3A12B8226B700B918E0 /* Controllers */,
				775B894B2B6700AE009606AA /* Application */,
				77ABAFC32B6714FB00E90654 /* Helpers */,
			);
			path = Banka;
			sourceTree = "<group>";
		};
		775B894B2B6700AE009606AA /* Application */ = {
			isa = PBXGroup;
			children = (
				775B89372B66FF90009606AA /* AppDelegate.swift */,
				775B89392B66FF90009606AA /* SceneDelegate.swift */,
			);
			path = Application;
			sourceTree = "<group>";
		};
		775B894C2B6700C7009606AA /* Support */ = {
			isa = PBXGroup;
			children = (
				77DDB3AF2B8244D400B918E0 /* Fonts */,
				77ABAFBF2B670B3D00E90654 /* MoneyAnimation.json */,
				775B89402B66FF94009606AA /* Assets.xcassets */,
				775B89422B66FF94009606AA /* LaunchScreen.storyboard */,
				775B89452B66FF94009606AA /* Info.plist */,
			);
			path = Support;
			sourceTree = "<group>";
		};
		77ABAFC32B6714FB00E90654 /* Helpers */ = {
			isa = PBXGroup;
			children = (
				77DDB3C22B82567B00B918E0 /* Components */,
				77ABAFC42B67150800E90654 /* VCChanger.swift */,
				77DDB3A42B82272000B918E0 /* D.swift */,
				77DDB3A92B82295900B918E0 /* Haptic.swift */,
				77DDB3AB2B82299200B918E0 /* NavigationTabs.swift */,
			);
			path = Helpers;
			sourceTree = "<group>";
		};
		77DDB3A12B8226B700B918E0 /* Controllers */ = {
			isa = PBXGroup;
			children = (
				775B894D2B670175009606AA /* MainVC.swift */,
				77ABAFC12B6714D300E90654 /* AnimationVC.swift */,
				77DDB3A82B8228FE00B918E0 /* NavigationContoller */,
				7722ECA22B82705B00F00C7F /* GraphsVC.swift */,
			);
			path = Controllers;
			sourceTree = "<group>";
		};
		77DDB3A82B8228FE00B918E0 /* NavigationContoller */ = {
			isa = PBXGroup;
			children = (
				77DDB3A22B8226CF00B918E0 /* NavigationBarController.swift */,
				77DDB3A62B8228D400B918E0 /* NavigationTabBarContorller.swift */,
			);
			path = NavigationContoller;
			sourceTree = "<group>";
		};
		77DDB3AF2B8244D400B918E0 /* Fonts */ = {
			isa = PBXGroup;
			children = (
				77DDB3B12B8244E300B918E0 /* Nexa-Bold.ttf */,
				77DDB3B72B8244E600B918E0 /* Nexa-Heavy-Italic.ttf */,
				77DDB3B62B8244E500B918E0 /* Nexa-Light-Italic.ttf */,
				77DDB3B32B8244E400B918E0 /* Nexa-Light.ttf */,
				77DDB3B42B8244E400B918E0 /* Nexa-Regular-Italic.ttf */,
				77DDB3B22B8244E300B918E0 /* NexaBlack.ttf */,
				77DDB3B52B8244E500B918E0 /* NexaHeavy.ttf */,
				77DDB3B02B8244E200B918E0 /* NexaRegular.ttf */,
				77DDB3B82B8244E600B918E0 /* NexaThin.ttf */,
			);
			path = Fonts;
			sourceTree = "<group>";
		};
		77DDB3C22B82567B00B918E0 /* Components */ = {
			isa = PBXGroup;
			children = (
				77DDB3C32B82569F00B918E0 /* LabelsStackView.swift */,
				77DDB3C72B825A0900B918E0 /* ProfitLabel.swift */,
				77DDB3C92B825B3D00B918E0 /* BaseCountLabel.swift */,
			);
			path = Components;
			sourceTree = "<group>";
		};
		E33F50DC9D86CC92BE4DC547 /* Pods */ = {
			isa = PBXGroup;
			children = (
				47500A0FE2AE840EB7A760A1 /* Pods-Banka.debug.xcconfig */,
				30F41E8517E3CAFF5436D4AD /* Pods-Banka.release.xcconfig */,
			);
			path = Pods;
			sourceTree = "<group>";
		};
		FFE4B8CDCA2B85DDDF3D30CF /* Frameworks */ = {
			isa = PBXGroup;
			children = (
				FD677A784BEB7D6672C535CF /* Pods_Banka.framework */,
			);
			name = Frameworks;
			sourceTree = "<group>";
		};
/* End PBXGroup section */

/* Begin PBXNativeTarget section */
		775B89332B66FF90009606AA /* Banka */ = {
			isa = PBXNativeTarget;
			buildConfigurationList = 775B89482B66FF94009606AA /* Build configuration list for PBXNativeTarget "Banka" */;
			buildPhases = (
				05DF1776A27ED87C0F8CA656 /* [CP] Check Pods Manifest.lock */,
				775B89302B66FF90009606AA /* Sources */,
				775B89312B66FF90009606AA /* Frameworks */,
				775B89322B66FF90009606AA /* Resources */,
				0B609BC506C2BD438D2E59D2 /* [CP] Embed Pods Frameworks */,
			);
			buildRules = (
			);
			dependencies = (
			);
			name = Banka;
			productName = Banka;
			productReference = 775B89342B66FF90009606AA /* Banka.app */;
			productType = "com.apple.product-type.application";
		};
/* End PBXNativeTarget section */

/* Begin PBXProject section */
		775B892C2B66FF90009606AA /* Project object */ = {
			isa = PBXProject;
			attributes = {
				BuildIndependentTargetsInParallel = 1;
				LastSwiftUpdateCheck = 1430;
				LastUpgradeCheck = 1520;
				TargetAttributes = {
					775B89332B66FF90009606AA = {
						CreatedOnToolsVersion = 14.3.1;
					};
				};
			};
			buildConfigurationList = 775B892F2B66FF90009606AA /* Build configuration list for PBXProject "Banka" */;
			compatibilityVersion = "Xcode 14.0";
			developmentRegion = en;
			hasScannedForEncodings = 0;
			knownRegions = (
				en,
				Base,
			);
			mainGroup = 775B892B2B66FF90009606AA;
			productRefGroup = 775B89352B66FF90009606AA /* Products */;
			projectDirPath = "";
			projectRoot = "";
			targets = (
				775B89332B66FF90009606AA /* Banka */,
			);
		};
/* End PBXProject section */

/* Begin PBXResourcesBuildPhase section */
		775B89322B66FF90009606AA /* Resources */ = {
			isa = PBXResourcesBuildPhase;
			buildActionMask = 2147483647;
			files = (
				77DDB3BB2B8244E600B918E0 /* NexaBlack.ttf in Resources */,
				77DDB3BD2B8244E600B918E0 /* Nexa-Regular-Italic.ttf in Resources */,
				775B89442B66FF94009606AA /* LaunchScreen.storyboard in Resources */,
				77DDB3B92B8244E600B918E0 /* NexaRegular.ttf in Resources */,
				775B89412B66FF94009606AA /* Assets.xcassets in Resources */,
				77DDB3BF2B8244E600B918E0 /* Nexa-Light-Italic.ttf in Resources */,
				77DDB3C02B8244E600B918E0 /* Nexa-Heavy-Italic.ttf in Resources */,
				77DDB3C12B8244E600B918E0 /* NexaThin.ttf in Resources */,
				77DDB3BA2B8244E600B918E0 /* Nexa-Bold.ttf in Resources */,
				77ABAFC02B670B3D00E90654 /* MoneyAnimation.json in Resources */,
				77DDB3BC2B8244E600B918E0 /* Nexa-Light.ttf in Resources */,
				77DDB3BE2B8244E600B918E0 /* NexaHeavy.ttf in Resources */,
			);
			runOnlyForDeploymentPostprocessing = 0;
		};
/* End PBXResourcesBuildPhase section */

/* Begin PBXShellScriptBuildPhase section */
		05DF1776A27ED87C0F8CA656 /* [CP] Check Pods Manifest.lock */ = {
			isa = PBXShellScriptBuildPhase;
			buildActionMask = 2147483647;
			files = (
			);
			inputFileListPaths = (
			);
			inputPaths = (
				"${PODS_PODFILE_DIR_PATH}/Podfile.lock",
				"${PODS_ROOT}/Manifest.lock",
			);
			name = "[CP] Check Pods Manifest.lock";
			outputFileListPaths = (
			);
			outputPaths = (
				"$(DERIVED_FILE_DIR)/Pods-Banka-checkManifestLockResult.txt",
			);
			runOnlyForDeploymentPostprocessing = 0;
			shellPath = /bin/sh;
			shellScript = "diff \"${PODS_PODFILE_DIR_PATH}/Podfile.lock\" \"${PODS_ROOT}/Manifest.lock\" > /dev/null\nif [ $? != 0 ] ; then\n    # print error to STDERR\n    echo \"error: The sandbox is not in sync with the Podfile.lock. Run 'pod install' or update your CocoaPods installation.\" >&2\n    exit 1\nfi\n# This output is used by Xcode 'outputs' to avoid re-running this script phase.\necho \"SUCCESS\" > \"${SCRIPT_OUTPUT_FILE_0}\"\n";
			showEnvVarsInLog = 0;
		};
		0B609BC506C2BD438D2E59D2 /* [CP] Embed Pods Frameworks */ = {
			isa = PBXShellScriptBuildPhase;
			buildActionMask = 2147483647;
			files = (
			);
			inputFileListPaths = (
				"${PODS_ROOT}/Target Support Files/Pods-Banka/Pods-Banka-frameworks-${CONFIGURATION}-input-files.xcfilelist",
			);
			name = "[CP] Embed Pods Frameworks";
			outputFileListPaths = (
				"${PODS_ROOT}/Target Support Files/Pods-Banka/Pods-Banka-frameworks-${CONFIGURATION}-output-files.xcfilelist",
			);
			runOnlyForDeploymentPostprocessing = 0;
			shellPath = /bin/sh;
			shellScript = "\"${PODS_ROOT}/Target Support Files/Pods-Banka/Pods-Banka-frameworks.sh\"\n";
			showEnvVarsInLog = 0;
		};
/* End PBXShellScriptBuildPhase section */

/* Begin PBXSourcesBuildPhase section */
		775B89302B66FF90009606AA /* Sources */ = {
			isa = PBXSourcesBuildPhase;
			buildActionMask = 2147483647;
			files = (
				775B894E2B670175009606AA /* MainVC.swift in Sources */,
				7722ECA32B82705B00F00C7F /* GraphsVC.swift in Sources */,
				77DDB3C82B825A0900B918E0 /* ProfitLabel.swift in Sources */,
				77DDB3A52B82272000B918E0 /* D.swift in Sources */,
				77DDB3A32B8226CF00B918E0 /* NavigationBarController.swift in Sources */,
				77DDB3AA2B82295900B918E0 /* Haptic.swift in Sources */,
				77ABAFC22B6714D300E90654 /* AnimationVC.swift in Sources */,
				77DDB3AC2B82299200B918E0 /* NavigationTabs.swift in Sources */,
				77ABAFC52B67150800E90654 /* VCChanger.swift in Sources */,
				775B89382B66FF90009606AA /* AppDelegate.swift in Sources */,
				77DDB3C42B82569F00B918E0 /* LabelsStackView.swift in Sources */,
				77DDB3A72B8228D400B918E0 /* NavigationTabBarContorller.swift in Sources */,
				775B893A2B66FF90009606AA /* SceneDelegate.swift in Sources */,
				77DDB3CA2B825B3D00B918E0 /* BaseCountLabel.swift in Sources */,
			);
			runOnlyForDeploymentPostprocessing = 0;
		};
/* End PBXSourcesBuildPhase section */

/* Begin PBXVariantGroup section */
		775B89422B66FF94009606AA /* LaunchScreen.storyboard */ = {
			isa = PBXVariantGroup;
			children = (
				775B89432B66FF94009606AA /* Base */,
			);
			name = LaunchScreen.storyboard;
			sourceTree = "<group>";
		};
/* End PBXVariantGroup section */

/* Begin XCBuildConfiguration section */
		775B89462B66FF94009606AA /* Debug */ = {
			isa = XCBuildConfiguration;
			buildSettings = {
				ALWAYS_SEARCH_USER_PATHS = NO;
				CLANG_ANALYZER_NONNULL = YES;
				CLANG_ANALYZER_NUMBER_OBJECT_CONVERSION = YES_AGGRESSIVE;
				CLANG_CXX_LANGUAGE_STANDARD = "gnu++20";
				CLANG_ENABLE_MODULES = YES;
				CLANG_ENABLE_OBJC_ARC = YES;
				CLANG_ENABLE_OBJC_WEAK = YES;
				CLANG_WARN_BLOCK_CAPTURE_AUTORELEASING = YES;
				CLANG_WARN_BOOL_CONVERSION = YES;
				CLANG_WARN_COMMA = YES;
				CLANG_WARN_CONSTANT_CONVERSION = YES;
				CLANG_WARN_DEPRECATED_OBJC_IMPLEMENTATIONS = YES;
				CLANG_WARN_DIRECT_OBJC_ISA_USAGE = YES_ERROR;
				CLANG_WARN_DOCUMENTATION_COMMENTS = YES;
				CLANG_WARN_EMPTY_BODY = YES;
				CLANG_WARN_ENUM_CONVERSION = YES;
				CLANG_WARN_INFINITE_RECURSION = YES;
				CLANG_WARN_INT_CONVERSION = YES;
				CLANG_WARN_NON_LITERAL_NULL_CONVERSION = YES;
				CLANG_WARN_OBJC_IMPLICIT_RETAIN_SELF = YES;
				CLANG_WARN_OBJC_LITERAL_CONVERSION = YES;
				CLANG_WARN_OBJC_ROOT_CLASS = YES_ERROR;
				CLANG_WARN_QUOTED_INCLUDE_IN_FRAMEWORK_HEADER = YES;
				CLANG_WARN_RANGE_LOOP_ANALYSIS = YES;
				CLANG_WARN_STRICT_PROTOTYPES = YES;
				CLANG_WARN_SUSPICIOUS_MOVE = YES;
				CLANG_WARN_UNGUARDED_AVAILABILITY = YES_AGGRESSIVE;
				CLANG_WARN_UNREACHABLE_CODE = YES;
				CLANG_WARN__DUPLICATE_METHOD_MATCH = YES;
				COPY_PHASE_STRIP = NO;
				DEBUG_INFORMATION_FORMAT = dwarf;
				ENABLE_STRICT_OBJC_MSGSEND = YES;
				ENABLE_TESTABILITY = YES;
				ENABLE_USER_SCRIPT_SANDBOXING = NO;
				GCC_C_LANGUAGE_STANDARD = gnu11;
				GCC_DYNAMIC_NO_PIC = NO;
				GCC_NO_COMMON_BLOCKS = YES;
				GCC_OPTIMIZATION_LEVEL = 0;
				GCC_PREPROCESSOR_DEFINITIONS = (
					"DEBUG=1",
					"$(inherited)",
				);
				GCC_WARN_64_TO_32_BIT_CONVERSION = YES;
				GCC_WARN_ABOUT_RETURN_TYPE = YES_ERROR;
				GCC_WARN_UNDECLARED_SELECTOR = YES;
				GCC_WARN_UNINITIALIZED_AUTOS = YES_AGGRESSIVE;
				GCC_WARN_UNUSED_FUNCTION = YES;
				GCC_WARN_UNUSED_VARIABLE = YES;
				IPHONEOS_DEPLOYMENT_TARGET = 16.4;
				MTL_ENABLE_DEBUG_INFO = INCLUDE_SOURCE;
				MTL_FAST_MATH = YES;
				ONLY_ACTIVE_ARCH = YES;
				SDKROOT = iphoneos;
				SWIFT_ACTIVE_COMPILATION_CONDITIONS = DEBUG;
				SWIFT_OPTIMIZATION_LEVEL = "-Onone";
			};
			name = Debug;
		};
		775B89472B66FF94009606AA /* Release */ = {
			isa = XCBuildConfiguration;
			buildSettings = {
				ALWAYS_SEARCH_USER_PATHS = NO;
				CLANG_ANALYZER_NONNULL = YES;
				CLANG_ANALYZER_NUMBER_OBJECT_CONVERSION = YES_AGGRESSIVE;
				CLANG_CXX_LANGUAGE_STANDARD = "gnu++20";
				CLANG_ENABLE_MODULES = YES;
				CLANG_ENABLE_OBJC_ARC = YES;
				CLANG_ENABLE_OBJC_WEAK = YES;
				CLANG_WARN_BLOCK_CAPTURE_AUTORELEASING = YES;
				CLANG_WARN_BOOL_CONVERSION = YES;
				CLANG_WARN_COMMA = YES;
				CLANG_WARN_CONSTANT_CONVERSION = YES;
				CLANG_WARN_DEPRECATED_OBJC_IMPLEMENTATIONS = YES;
				CLANG_WARN_DIRECT_OBJC_ISA_USAGE = YES_ERROR;
				CLANG_WARN_DOCUMENTATION_COMMENTS = YES;
				CLANG_WARN_EMPTY_BODY = YES;
				CLANG_WARN_ENUM_CONVERSION = YES;
				CLANG_WARN_INFINITE_RECURSION = YES;
				CLANG_WARN_INT_CONVERSION = YES;
				CLANG_WARN_NON_LITERAL_NULL_CONVERSION = YES;
				CLANG_WARN_OBJC_IMPLICIT_RETAIN_SELF = YES;
				CLANG_WARN_OBJC_LITERAL_CONVERSION = YES;
				CLANG_WARN_OBJC_ROOT_CLASS = YES_ERROR;
				CLANG_WARN_QUOTED_INCLUDE_IN_FRAMEWORK_HEADER = YES;
				CLANG_WARN_RANGE_LOOP_ANALYSIS = YES;
				CLANG_WARN_STRICT_PROTOTYPES = YES;
				CLANG_WARN_SUSPICIOUS_MOVE = YES;
				CLANG_WARN_UNGUARDED_AVAILABILITY = YES_AGGRESSIVE;
				CLANG_WARN_UNREACHABLE_CODE = YES;
				CLANG_WARN__DUPLICATE_METHOD_MATCH = YES;
				COPY_PHASE_STRIP = NO;
				DEBUG_INFORMATION_FORMAT = "dwarf-with-dsym";
				ENABLE_NS_ASSERTIONS = NO;
				ENABLE_STRICT_OBJC_MSGSEND = YES;
				ENABLE_USER_SCRIPT_SANDBOXING = NO;
				GCC_C_LANGUAGE_STANDARD = gnu11;
				GCC_NO_COMMON_BLOCKS = YES;
				GCC_WARN_64_TO_32_BIT_CONVERSION = YES;
				GCC_WARN_ABOUT_RETURN_TYPE = YES_ERROR;
				GCC_WARN_UNDECLARED_SELECTOR = YES;
				GCC_WARN_UNINITIALIZED_AUTOS = YES_AGGRESSIVE;
				GCC_WARN_UNUSED_FUNCTION = YES;
				GCC_WARN_UNUSED_VARIABLE = YES;
				IPHONEOS_DEPLOYMENT_TARGET = 16.4;
				MTL_ENABLE_DEBUG_INFO = NO;
				MTL_FAST_MATH = YES;
				SDKROOT = iphoneos;
				SWIFT_COMPILATION_MODE = wholemodule;
				SWIFT_OPTIMIZATION_LEVEL = "-O";
				VALIDATE_PRODUCT = YES;
			};
			name = Release;
		};
		775B89492B66FF94009606AA /* Debug */ = {
			isa = XCBuildConfiguration;
			baseConfigurationReference = 47500A0FE2AE840EB7A760A1 /* Pods-Banka.debug.xcconfig */;
			buildSettings = {
				ASSETCATALOG_COMPILER_APPICON_NAME = AppIcon;
				ASSETCATALOG_COMPILER_GLOBAL_ACCENT_COLOR_NAME = AccentColor;
				CODE_SIGN_STYLE = Automatic;
				CURRENT_PROJECT_VERSION = 1;
				DEVELOPMENT_TEAM = HHTA648R26;
				GENERATE_INFOPLIST_FILE = YES;
				INFOPLIST_FILE = Banka/Support/Info.plist;
				INFOPLIST_KEY_CFBundleDisplayName = Banka;
				INFOPLIST_KEY_UIApplicationSupportsIndirectInputEvents = YES;
				INFOPLIST_KEY_UILaunchStoryboardName = LaunchScreen;
				INFOPLIST_KEY_UIRequiresFullScreen = YES;
				INFOPLIST_KEY_UISupportedInterfaceOrientations = UIInterfaceOrientationPortrait;
				IPHONEOS_DEPLOYMENT_TARGET = 13.0;
				LD_RUNPATH_SEARCH_PATHS = (
					"$(inherited)",
					"@executable_path/Frameworks",
				);
				MARKETING_VERSION = 1.0;
				PRODUCT_BUNDLE_IDENTIFIER = meeel.Banka;
				PRODUCT_NAME = "$(TARGET_NAME)";
				SWIFT_EMIT_LOC_STRINGS = YES;
				SWIFT_VERSION = 5.0;
				TARGETED_DEVICE_FAMILY = "1,2";
			};
			name = Debug;
		};
		775B894A2B66FF94009606AA /* Release */ = {
			isa = XCBuildConfiguration;
			baseConfigurationReference = 30F41E8517E3CAFF5436D4AD /* Pods-Banka.release.xcconfig */;
			buildSettings = {
				ASSETCATALOG_COMPILER_APPICON_NAME = AppIcon;
				ASSETCATALOG_COMPILER_GLOBAL_ACCENT_COLOR_NAME = AccentColor;
				CODE_SIGN_STYLE = Automatic;
				CURRENT_PROJECT_VERSION = 1;
				DEVELOPMENT_TEAM = HHTA648R26;
				GENERATE_INFOPLIST_FILE = YES;
				INFOPLIST_FILE = Banka/Support/Info.plist;
				INFOPLIST_KEY_CFBundleDisplayName = Banka;
				INFOPLIST_KEY_UIApplicationSupportsIndirectInputEvents = YES;
				INFOPLIST_KEY_UILaunchStoryboardName = LaunchScreen;
				INFOPLIST_KEY_UIRequiresFullScreen = YES;
				INFOPLIST_KEY_UISupportedInterfaceOrientations = UIInterfaceOrientationPortrait;
				IPHONEOS_DEPLOYMENT_TARGET = 13.0;
				LD_RUNPATH_SEARCH_PATHS = (
					"$(inherited)",
					"@executable_path/Frameworks",
				);
				MARKETING_VERSION = 1.0;
				PRODUCT_BUNDLE_IDENTIFIER = meeel.Banka;
				PRODUCT_NAME = "$(TARGET_NAME)";
				SWIFT_EMIT_LOC_STRINGS = YES;
				SWIFT_VERSION = 5.0;
				TARGETED_DEVICE_FAMILY = "1,2";
			};
			name = Release;
		};
/* End XCBuildConfiguration section */

/* Begin XCConfigurationList section */
		775B892F2B66FF90009606AA /* Build configuration list for PBXProject "Banka" */ = {
			isa = XCConfigurationList;
			buildConfigurations = (
				775B89462B66FF94009606AA /* Debug */,
				775B89472B66FF94009606AA /* Release */,
			);
			defaultConfigurationIsVisible = 0;
			defaultConfigurationName = Release;
		};
		775B89482B66FF94009606AA /* Build configuration list for PBXNativeTarget "Banka" */ = {
			isa = XCConfigurationList;
			buildConfigurations = (
				775B89492B66FF94009606AA /* Debug */,
				775B894A2B66FF94009606AA /* Release */,
			);
			defaultConfigurationIsVisible = 0;
			defaultConfigurationName = Release;
		};
/* End XCConfigurationList section */
	};
	rootObject = 775B892C2B66FF90009606AA /* Project object */;
}
